{
  "name": "@thebcms/cms",
  "version": "1.0.0",
  "lockfileVersion": 2,
  "requires": true,
  "packages": {
    "": {
      "name": "@thebcms/cms",
      "version": "1.0.0",
      "hasInstallScript": true,
      "license": "ISC",
      "devDependencies": {
        "@banez/child_process": "^1.0.3",
        "@banez/fs": "^1.0.3",
        "@banez/npm-tool": "^1.1.1",
        "@banez/string-utility": "^1.0.1",
        "husky": "^8.0.3"
      }
    },
    "node_modules/@banez/child_process": {
      "version": "1.0.3",
      "resolved": "https://registry.npmjs.org/@banez/child_process/-/child_process-1.0.3.tgz",
      "integrity": "sha512-hDbAV59bbmv71tcXGSQ+MlEpIId89gCozCY1VskY+Yz5q2tgHGHtsC8IdtqEPDPFS1PdB16BhcNSAphCzw5Hmg==",
      "dev": true
    },
    "node_modules/@banez/fs": {
      "version": "1.0.3",
      "resolved": "https://registry.npmjs.org/@banez/fs/-/fs-1.0.3.tgz",
      "integrity": "sha512-3LTo38L+TgfEFE8psFOL7HuGqMYjJP31Juj33k+S03BYYJsvmVlT6uSAafro+iFHBAjocoUJBvlD5hta3hYcXQ==",
      "dev": true,
      "dependencies": {
        "fs-extra": "^10.0.0"
      }
    },
    "node_modules/@banez/npm-tool": {
      "version": "1.1.1",
      "resolved": "https://registry.npmjs.org/@banez/npm-tool/-/npm-tool-1.1.1.tgz",
      "integrity": "sha512-wAi9MXgMYHMyOLtfNhGHxqzApQjuDF3zzI1KVjImkYmEBWNziHqU8NAKNTVA9apvY6lDT9EC8/sfyvjvSbp42w==",
      "dev": true,
      "dependencies": {
        "@banez/child_process": "^1.0.3",
        "fs-extra": "^10.0.0"
      },
      "bin": {
        "npm-tool": "bin/npm-tool.js"
      }
    },
    "node_modules/@banez/string-utility": {
      "version": "1.0.1",
      "resolved": "https://registry.npmjs.org/@banez/string-utility/-/string-utility-1.0.1.tgz",
      "integrity": "sha512-PHSrw2MmlDhzKKGH0aFJV8HM671ku9ZmmXSGQeBwKWPc4Cvf9+HXWzxV67Bqb9tD1DabCaw8F8annFrDvm1eNQ==",
      "dev": true
    },
    "node_modules/fs-extra": {
      "version": "10.1.0",
      "resolved": "https://registry.npmjs.org/fs-extra/-/fs-extra-10.1.0.tgz",
      "integrity": "sha512-oRXApq54ETRj4eMiFzGnHWGy+zo5raudjuxN0b8H7s/RU2oW0Wvsx9O0ACRN/kRq9E8Vu/ReskGB5o3ji+FzHQ==",
      "dev": true,
      "dependencies": {
        "graceful-fs": "^4.2.0",
        "jsonfile": "^6.0.1",
        "universalify": "^2.0.0"
      },
      "engines": {
        "node": ">=12"
      }
    },
    "node_modules/graceful-fs": {
      "version": "4.2.11",
      "resolved": "https://registry.npmjs.org/graceful-fs/-/graceful-fs-4.2.11.tgz",
      "integrity": "sha512-RbJ5/jmFcNNCcDV5o9eTnBLJ/HszWV0P73bc+Ff4nS/rJj+YaS6IGyiOL0VoBYX+l1Wrl3k63h/KrH+nhJ0XvQ==",
      "dev": true
    },
    "node_modules/husky": {
      "version": "8.0.3",
      "resolved": "https://registry.npmjs.org/husky/-/husky-8.0.3.tgz",
      "integrity": "sha512-+dQSyqPh4x1hlO1swXBiNb2HzTDN1I2IGLQx1GrBuiqFJfoMrnZWwVmatvSiO+Iz8fBUnf+lekwNo4c2LlXItg==",
      "dev": true,
      "bin": {
        "husky": "lib/bin.js"
      },
      "engines": {
        "node": ">=14"
      },
      "funding": {
        "url": "https://github.com/sponsors/typicode"
      }
    },
    "node_modules/jsonfile": {
      "version": "6.1.0",
      "resolved": "https://registry.npmjs.org/jsonfile/-/jsonfile-6.1.0.tgz",
      "integrity": "sha512-5dgndWOriYSm5cnYaJNhalLNDKOqFwyDB/rr1E9ZsGciGvKPs8R2xYGCacuf3z6K1YKDz182fd+fY3cn3pMqXQ==",
      "dev": true,
      "dependencies": {
        "universalify": "^2.0.0"
      },
      "optionalDependencies": {
        "graceful-fs": "^4.1.6"
      }
    },
    "node_modules/universalify": {
      "version": "2.0.0",
      "resolved": "https://registry.npmjs.org/universalify/-/universalify-2.0.0.tgz",
      "integrity": "sha512-hAZsKq7Yy11Zu1DE0OzWjw7nnLZmJZYTDZZyEFHZdUhV8FkH5MCfoU1XMaxXovpyW5nq5scPqq0ZDP9Zyl04oQ==",
      "dev": true,
      "engines": {
        "node": ">= 10.0.0"
      }
    }
  },
  "dependencies": {
    "@banez/child_process": {
      "version": "1.0.3",
      "resolved": "https://registry.npmjs.org/@banez/child_process/-/child_process-1.0.3.tgz",
      "integrity": "sha512-hDbAV59bbmv71tcXGSQ+MlEpIId89gCozCY1VskY+Yz5q2tgHGHtsC8IdtqEPDPFS1PdB16BhcNSAphCzw5Hmg==",
      "dev": true
    },
    "@banez/fs": {
      "version": "1.0.3",
      "resolved": "https://registry.npmjs.org/@banez/fs/-/fs-1.0.3.tgz",
      "integrity": "sha512-3LTo38L+TgfEFE8psFOL7HuGqMYjJP31Juj33k+S03BYYJsvmVlT6uSAafro+iFHBAjocoUJBvlD5hta3hYcXQ==",
      "dev": true,
      "requires": {
        "fs-extra": "^10.0.0"
      }
    },
    "@banez/npm-tool": {
      "version": "1.1.1",
      "resolved": "https://registry.npmjs.org/@banez/npm-tool/-/npm-tool-1.1.1.tgz",
      "integrity": "sha512-wAi9MXgMYHMyOLtfNhGHxqzApQjuDF3zzI1KVjImkYmEBWNziHqU8NAKNTVA9apvY6lDT9EC8/sfyvjvSbp42w==",
      "dev": true,
      "requires": {
        "@banez/child_process": "^1.0.3",
        "fs-extra": "^10.0.0"
      }
    },
    "@banez/string-utility": {
      "version": "1.0.1",
      "resolved": "https://registry.npmjs.org/@banez/string-utility/-/string-utility-1.0.1.tgz",
      "integrity": "sha512-PHSrw2MmlDhzKKGH0aFJV8HM671ku9ZmmXSGQeBwKWPc4Cvf9+HXWzxV67Bqb9tD1DabCaw8F8annFrDvm1eNQ==",
      "dev": true
    },
    "fs-extra": {
      "version": "10.1.0",
      "resolved": "https://registry.npmjs.org/fs-extra/-/fs-extra-10.1.0.tgz",
      "integrity": "sha512-oRXApq54ETRj4eMiFzGnHWGy+zo5raudjuxN0b8H7s/RU2oW0Wvsx9O0ACRN/kRq9E8Vu/ReskGB5o3ji+FzHQ==",
      "dev": true,
      "requires": {
        "graceful-fs": "^4.2.0",
        "jsonfile": "^6.0.1",
        "universalify": "^2.0.0"
      }
    },
    "graceful-fs": {
      "version": "4.2.11",
      "resolved": "https://registry.npmjs.org/graceful-fs/-/graceful-fs-4.2.11.tgz",
      "integrity": "sha512-RbJ5/jmFcNNCcDV5o9eTnBLJ/HszWV0P73bc+Ff4nS/rJj+YaS6IGyiOL0VoBYX+l1Wrl3k63h/KrH+nhJ0XvQ==",
      "dev": true
    },
    "husky": {
      "version": "8.0.3",
      "resolved": "https://registry.npmjs.org/husky/-/husky-8.0.3.tgz",
      "integrity": "sha512-+dQSyqPh4x1hlO1swXBiNb2HzTDN1I2IGLQx1GrBuiqFJfoMrnZWwVmatvSiO+Iz8fBUnf+lekwNo4c2LlXItg==",
      "dev": true
    },
    "jsonfile": {
      "version": "6.1.0",
      "resolved": "https://registry.npmjs.org/jsonfile/-/jsonfile-6.1.0.tgz",
      "integrity": "sha512-5dgndWOriYSm5cnYaJNhalLNDKOqFwyDB/rr1E9ZsGciGvKPs8R2xYGCacuf3z6K1YKDz182fd+fY3cn3pMqXQ==",
      "dev": true,
      "requires": {
        "graceful-fs": "^4.1.6",
        "universalify": "^2.0.0"
      }
    },
    "universalify": {
      "version": "2.0.0",
      "resolved": "https://registry.npmjs.org/universalify/-/universalify-2.0.0.tgz",
      "integrity": "sha512-hAZsKq7Yy11Zu1DE0OzWjw7nnLZmJZYTDZZyEFHZdUhV8FkH5MCfoU1XMaxXovpyW5nq5scPqq0ZDP9Zyl04oQ==",
      "dev": true
    }
  }
}
